
Microsoft Visual Studio Solution File, Format Version 12.00
# Visual Studio Version 16
VisualStudioVersion = 16.0.31129.286
MinimumVisualStudioVersion = 10.0.40219.1
Project("{FAE04EC0-301F-11D3-BF4B-00C04F79EFBC}") = "Homework_WPF_Grid", "Homework_WPF_Grid\Homework_WPF_Grid.csproj", "{376FD495-7F6E-4892-A6E6-C494AC477CB8}"
EndProject
Global
	GlobalSection(SolutionConfigurationPlatforms) = preSolution
		Debug|Any CPU = Debug|Any CPU
		Release|Any CPU = Release|Any CPU
	EndGlobalSection
	GlobalSection(ProjectConfigurationPlatforms) = postSolution
		{376FD495-7F6E-4892-A6E6-C494AC477CB8}.Debug|Any CPU.ActiveCfg = Debug|Any CPU
		{376FD495-7F6E-4892-A6E6-C494AC477CB8}.Debug|Any CPU.Build.0 = Debug|Any CPU
		{376FD495-7F6E-4892-A6E6-C494AC477CB8}.Release|Any CPU.ActiveCfg = Release|Any CPU
		{376FD495-7F6E-4892-A6E6-C494AC477CB8}.Release|Any CPU.Build.0 = Release|Any CPU
	EndGlobalSection
	GlobalSection(SolutionProperties) = preSolution
		HideSolutionNode = FALSE
	EndGlobalSection
	GlobalSection(ExtensibilityGlobals) = postSolution
		SolutionGuid = {F14DCA29-1A91-4BC9-A7FE-9B0FB0028A32}
	EndGlobalSection
EndGlobal
